// !$*UTF8*$!
{
	archiveVersion = 1;
	classes = {
	};
	objectVersion = 56;
	objects = {

/* Begin PBXBuildFile section */
		AA5C69B3CA0E7AB368F4E79D /* Pods_iMeal.framework in Frameworks */ = {isa = PBXBuildFile; fileRef = 4D9769C455FA93B435BAD237 /* Pods_iMeal.framework */; };
		B13948442AD7165C0035593D /* MealsByCategoryViewController.swift in Sources */ = {isa = PBXBuildFile; fileRef = B13948432AD7165C0035593D /* MealsByCategoryViewController.swift */; };
		B158C48B2AD1B72600C97188 /* Recipe.swift in Sources */ = {isa = PBXBuildFile; fileRef = B158C48A2AD1B72600C97188 /* Recipe.swift */; };
		B158C48E2AD1C30100C97188 /* RecipeViewController.swift in Sources */ = {isa = PBXBuildFile; fileRef = B158C48D2AD1C30100C97188 /* RecipeViewController.swift */; };
		B19EE2202ACB3A1700B42444 /* HomeViewController.swift in Sources */ = {isa = PBXBuildFile; fileRef = B19EE21F2ACB3A1700B42444 /* HomeViewController.swift */; };
		B19EE2222ACB3A2400B42444 /* SearchViewController.swift in Sources */ = {isa = PBXBuildFile; fileRef = B19EE2212ACB3A2400B42444 /* SearchViewController.swift */; };
		B19EE2252ACB4F6E00B42444 /* CategoriesCollectionViewCell.swift in Sources */ = {isa = PBXBuildFile; fileRef = B19EE2242ACB4F6E00B42444 /* CategoriesCollectionViewCell.swift */; };
		B19EE2272ACB513B00B42444 /* MealCollectionViewCell.swift in Sources */ = {isa = PBXBuildFile; fileRef = B19EE2262ACB513B00B42444 /* MealCollectionViewCell.swift */; };
		B19EE2292ACC5C8900B42444 /* Extensions.swift in Sources */ = {isa = PBXBuildFile; fileRef = B19EE2282ACC5C8900B42444 /* Extensions.swift */; };
		B19EE22C2ACC681500B42444 /* APICaller.swift in Sources */ = {isa = PBXBuildFile; fileRef = B19EE22B2ACC681500B42444 /* APICaller.swift */; };
		B19EE22F2ACC69BF00B42444 /* SDWebImage in Frameworks */ = {isa = PBXBuildFile; productRef = B19EE22E2ACC69BF00B42444 /* SDWebImage */; };
		B19EE2312ACC69BF00B42444 /* SDWebImageMapKit in Frameworks */ = {isa = PBXBuildFile; productRef = B19EE2302ACC69BF00B42444 /* SDWebImageMapKit */; };
		B19EE2332ACC6A4000B42444 /* MealsCategory.swift in Sources */ = {isa = PBXBuildFile; fileRef = B19EE2322ACC6A4000B42444 /* MealsCategory.swift */; };
		B19EE2352ACD7D3D00B42444 /* MainCollectionViewHeader.swift in Sources */ = {isa = PBXBuildFile; fileRef = B19EE2342ACD7D3D00B42444 /* MainCollectionViewHeader.swift */; };
		B19EE2392ACD9F1600B42444 /* SeaMeals.swift in Sources */ = {isa = PBXBuildFile; fileRef = B19EE2382ACD9F1600B42444 /* SeaMeals.swift */; };
		B1A050082AD54CB00025BF92 /* SearchResultsViewController.swift in Sources */ = {isa = PBXBuildFile; fileRef = B1A050072AD54CB00025BF92 /* SearchResultsViewController.swift */; };
		B1A0500A2AD55F4A0025BF92 /* ResultTableViewCell.swift in Sources */ = {isa = PBXBuildFile; fileRef = B1A050092AD55F4A0025BF92 /* ResultTableViewCell.swift */; };
		B1A0500C2AD569420025BF92 /* SearchViewModel.swift in Sources */ = {isa = PBXBuildFile; fileRef = B1A0500B2AD569420025BF92 /* SearchViewModel.swift */; };
		B1A7A0852ACB380200378604 /* AppDelegate.swift in Sources */ = {isa = PBXBuildFile; fileRef = B1A7A0842ACB380200378604 /* AppDelegate.swift */; };
		B1A7A0872ACB380200378604 /* SceneDelegate.swift in Sources */ = {isa = PBXBuildFile; fileRef = B1A7A0862ACB380200378604 /* SceneDelegate.swift */; };
		B1A7A08E2ACB380300378604 /* Assets.xcassets in Resources */ = {isa = PBXBuildFile; fileRef = B1A7A08D2ACB380300378604 /* Assets.xcassets */; };
		B1A7A0912ACB380300378604 /* LaunchScreen.storyboard in Resources */ = {isa = PBXBuildFile; fileRef = B1A7A08F2ACB380300378604 /* LaunchScreen.storyboard */; };
		B1A7A0A02ACB394400378604 /* MainTabBarController.swift in Sources */ = {isa = PBXBuildFile; fileRef = B1A7A09F2ACB394400378604 /* MainTabBarController.swift */; };
		B1F369362ACEA8C4000974CE /* Drinks.swift in Sources */ = {isa = PBXBuildFile; fileRef = B1F369352ACEA8C4000974CE /* Drinks.swift */; };
		B1F3693A2ACEBFC2000974CE /* HomeViewModel.swift in Sources */ = {isa = PBXBuildFile; fileRef = B1F369392ACEBFC2000974CE /* HomeViewModel.swift */; };
		B1F891442AD68E96007FD9AA /* CategoriesViewController.swift in Sources */ = {isa = PBXBuildFile; fileRef = B1F891432AD68E96007FD9AA /* CategoriesViewController.swift */; };
		B1F891472AD6924E007FD9AA /* CategoriesHeaderView.swift in Sources */ = {isa = PBXBuildFile; fileRef = B1F891462AD6924E007FD9AA /* CategoriesHeaderView.swift */; };
		B1F891492AD69523007FD9AA /* RandomMealCell.swift in Sources */ = {isa = PBXBuildFile; fileRef = B1F891482AD69523007FD9AA /* RandomMealCell.swift */; };
		B1F8914B2AD6ECF9007FD9AA /* SectionHeader.swift in Sources */ = {isa = PBXBuildFile; fileRef = B1F8914A2AD6ECF9007FD9AA /* SectionHeader.swift */; };
		B1F8914D2AD6EFBF007FD9AA /* CategoryCell.swift in Sources */ = {isa = PBXBuildFile; fileRef = B1F8914C2AD6EFBF007FD9AA /* CategoryCell.swift */; };
/* End PBXBuildFile section */

/* Begin PBXFileReference section */
		452D1A1834321761ED1C9808 /* Pods-iMeal.release.xcconfig */ = {isa = PBXFileReference; includeInIndex = 1; lastKnownFileType = text.xcconfig; name = "Pods-iMeal.release.xcconfig"; path = "Target Support Files/Pods-iMeal/Pods-iMeal.release.xcconfig"; sourceTree = "<group>"; };
		4D9769C455FA93B435BAD237 /* Pods_iMeal.framework */ = {isa = PBXFileReference; explicitFileType = wrapper.framework; includeInIndex = 0; path = Pods_iMeal.framework; sourceTree = BUILT_PRODUCTS_DIR; };
		5635270B4CE66E572414B09A /* Pods-iMeal.debug.xcconfig */ = {isa = PBXFileReference; includeInIndex = 1; lastKnownFileType = text.xcconfig; name = "Pods-iMeal.debug.xcconfig"; path = "Target Support Files/Pods-iMeal/Pods-iMeal.debug.xcconfig"; sourceTree = "<group>"; };
		B13948432AD7165C0035593D /* MealsByCategoryViewController.swift */ = {isa = PBXFileReference; lastKnownFileType = sourcecode.swift; path = MealsByCategoryViewController.swift; sourceTree = "<group>"; };
		B158C48A2AD1B72600C97188 /* Recipe.swift */ = {isa = PBXFileReference; lastKnownFileType = sourcecode.swift; path = Recipe.swift; sourceTree = "<group>"; };
		B158C48D2AD1C30100C97188 /* RecipeViewController.swift */ = {isa = PBXFileReference; lastKnownFileType = sourcecode.swift; path = RecipeViewController.swift; sourceTree = "<group>"; };
		B19EE21F2ACB3A1700B42444 /* HomeViewController.swift */ = {isa = PBXFileReference; lastKnownFileType = sourcecode.swift; path = HomeViewController.swift; sourceTree = "<group>"; };
		B19EE2212ACB3A2400B42444 /* SearchViewController.swift */ = {isa = PBXFileReference; lastKnownFileType = sourcecode.swift; path = SearchViewController.swift; sourceTree = "<group>"; };
		B19EE2242ACB4F6E00B42444 /* CategoriesCollectionViewCell.swift */ = {isa = PBXFileReference; lastKnownFileType = sourcecode.swift; path = CategoriesCollectionViewCell.swift; sourceTree = "<group>"; };
		B19EE2262ACB513B00B42444 /* MealCollectionViewCell.swift */ = {isa = PBXFileReference; lastKnownFileType = sourcecode.swift; path = MealCollectionViewCell.swift; sourceTree = "<group>"; };
		B19EE2282ACC5C8900B42444 /* Extensions.swift */ = {isa = PBXFileReference; lastKnownFileType = sourcecode.swift; path = Extensions.swift; sourceTree = "<group>"; };
		B19EE22B2ACC681500B42444 /* APICaller.swift */ = {isa = PBXFileReference; lastKnownFileType = sourcecode.swift; path = APICaller.swift; sourceTree = "<group>"; };
		B19EE2322ACC6A4000B42444 /* MealsCategory.swift */ = {isa = PBXFileReference; lastKnownFileType = sourcecode.swift; path = MealsCategory.swift; sourceTree = "<group>"; };
		B19EE2342ACD7D3D00B42444 /* MainCollectionViewHeader.swift */ = {isa = PBXFileReference; lastKnownFileType = sourcecode.swift; path = MainCollectionViewHeader.swift; sourceTree = "<group>"; };
		B19EE2382ACD9F1600B42444 /* SeaMeals.swift */ = {isa = PBXFileReference; lastKnownFileType = sourcecode.swift; path = SeaMeals.swift; sourceTree = "<group>"; };
		B1A050072AD54CB00025BF92 /* SearchResultsViewController.swift */ = {isa = PBXFileReference; lastKnownFileType = sourcecode.swift; path = SearchResultsViewController.swift; sourceTree = "<group>"; };
		B1A050092AD55F4A0025BF92 /* ResultTableViewCell.swift */ = {isa = PBXFileReference; lastKnownFileType = sourcecode.swift; path = ResultTableViewCell.swift; sourceTree = "<group>"; };
		B1A0500B2AD569420025BF92 /* SearchViewModel.swift */ = {isa = PBXFileReference; lastKnownFileType = sourcecode.swift; path = SearchViewModel.swift; sourceTree = "<group>"; };
		B1A7A0812ACB380200378604 /* iMeal.app */ = {isa = PBXFileReference; explicitFileType = wrapper.application; includeInIndex = 0; path = iMeal.app; sourceTree = BUILT_PRODUCTS_DIR; };
		B1A7A0842ACB380200378604 /* AppDelegate.swift */ = {isa = PBXFileReference; lastKnownFileType = sourcecode.swift; path = AppDelegate.swift; sourceTree = "<group>"; };
		B1A7A0862ACB380200378604 /* SceneDelegate.swift */ = {isa = PBXFileReference; lastKnownFileType = sourcecode.swift; path = SceneDelegate.swift; sourceTree = "<group>"; };
		B1A7A08D2ACB380300378604 /* Assets.xcassets */ = {isa = PBXFileReference; lastKnownFileType = folder.assetcatalog; path = Assets.xcassets; sourceTree = "<group>"; };
		B1A7A0902ACB380300378604 /* Base */ = {isa = PBXFileReference; lastKnownFileType = file.storyboard; name = Base; path = Base.lproj/LaunchScreen.storyboard; sourceTree = "<group>"; };
		B1A7A0922ACB380300378604 /* Info.plist */ = {isa = PBXFileReference; lastKnownFileType = text.plist.xml; path = Info.plist; sourceTree = "<group>"; };
		B1A7A09F2ACB394400378604 /* MainTabBarController.swift */ = {isa = PBXFileReference; lastKnownFileType = sourcecode.swift; path = MainTabBarController.swift; sourceTree = "<group>"; };
		B1F369352ACEA8C4000974CE /* Drinks.swift */ = {isa = PBXFileReference; lastKnownFileType = sourcecode.swift; path = Drinks.swift; sourceTree = "<group>"; };
		B1F369392ACEBFC2000974CE /* HomeViewModel.swift */ = {isa = PBXFileReference; lastKnownFileType = sourcecode.swift; path = HomeViewModel.swift; sourceTree = "<group>"; };
		B1F891432AD68E96007FD9AA /* CategoriesViewController.swift */ = {isa = PBXFileReference; lastKnownFileType = sourcecode.swift; path = CategoriesViewController.swift; sourceTree = "<group>"; };
		B1F891462AD6924E007FD9AA /* CategoriesHeaderView.swift */ = {isa = PBXFileReference; lastKnownFileType = sourcecode.swift; path = CategoriesHeaderView.swift; sourceTree = "<group>"; };
		B1F891482AD69523007FD9AA /* RandomMealCell.swift */ = {isa = PBXFileReference; lastKnownFileType = sourcecode.swift; path = RandomMealCell.swift; sourceTree = "<group>"; };
		B1F8914A2AD6ECF9007FD9AA /* SectionHeader.swift */ = {isa = PBXFileReference; lastKnownFileType = sourcecode.swift; path = SectionHeader.swift; sourceTree = "<group>"; };
		B1F8914C2AD6EFBF007FD9AA /* CategoryCell.swift */ = {isa = PBXFileReference; lastKnownFileType = sourcecode.swift; path = CategoryCell.swift; sourceTree = "<group>"; };
/* End PBXFileReference section */

/* Begin PBXFrameworksBuildPhase section */
		B1A7A07E2ACB380200378604 /* Frameworks */ = {
			isa = PBXFrameworksBuildPhase;
			buildActionMask = 2147483647;
			files = (
				B19EE2312ACC69BF00B42444 /* SDWebImageMapKit in Frameworks */,
				B19EE22F2ACC69BF00B42444 /* SDWebImage in Frameworks */,
				AA5C69B3CA0E7AB368F4E79D /* Pods_iMeal.framework in Frameworks */,
			);
			runOnlyForDeploymentPostprocessing = 0;
		};
/* End PBXFrameworksBuildPhase section */

/* Begin PBXGroup section */
		7C1FE2B90BFE2465C21B2937 /* Frameworks */ = {
			isa = PBXGroup;
			children = (
				4D9769C455FA93B435BAD237 /* Pods_iMeal.framework */,
			);
			name = Frameworks;
			sourceTree = "<group>";
		};
		B13948422AD716250035593D /* Details */ = {
			isa = PBXGroup;
			children = (
			);
			path = Details;
			sourceTree = "<group>";
		};
		B158C48C2AD1C2EE00C97188 /* Recipe */ = {
			isa = PBXGroup;
			children = (
				B158C48D2AD1C30100C97188 /* RecipeViewController.swift */,
				B13948432AD7165C0035593D /* MealsByCategoryViewController.swift */,
			);
			path = Recipe;
			sourceTree = "<group>";
		};
		B19EE2232ACB4F4300B42444 /* HomeTableView */ = {
			isa = PBXGroup;
			children = (
				B19EE2242ACB4F6E00B42444 /* CategoriesCollectionViewCell.swift */,
				B19EE2262ACB513B00B42444 /* MealCollectionViewCell.swift */,
				B19EE2342ACD7D3D00B42444 /* MainCollectionViewHeader.swift */,
			);
			path = HomeTableView;
			sourceTree = "<group>";
		};
		B19EE22A2ACC67B000B42444 /* APIManager */ = {
			isa = PBXGroup;
			children = (
				B19EE22B2ACC681500B42444 /* APICaller.swift */,
			);
			path = APIManager;
			sourceTree = "<group>";
		};
		B1A050062AD54C820025BF92 /* Search */ = {
			isa = PBXGroup;
			children = (
				B1A050072AD54CB00025BF92 /* SearchResultsViewController.swift */,
				B1A050092AD55F4A0025BF92 /* ResultTableViewCell.swift */,
			);
			path = Search;
			sourceTree = "<group>";
		};
		B1A7A0782ACB380200378604 = {
			isa = PBXGroup;
			children = (
				B1A7A0832ACB380200378604 /* iMeal */,
				B1A7A0822ACB380200378604 /* Products */,
				DFC012176773376B001B25DE /* Pods */,
				7C1FE2B90BFE2465C21B2937 /* Frameworks */,
			);
			sourceTree = "<group>";
		};
		B1A7A0822ACB380200378604 /* Products */ = {
			isa = PBXGroup;
			children = (
				B1A7A0812ACB380200378604 /* iMeal.app */,
			);
			name = Products;
			sourceTree = "<group>";
		};
		B1A7A0832ACB380200378604 /* iMeal */ = {
			isa = PBXGroup;
			children = (
				B19EE22A2ACC67B000B42444 /* APIManager */,
				B1A7A09D2ACB390400378604 /* Utils */,
				B1A7A09C2ACB38FC00378604 /* Controllers */,
				B1A7A09B2ACB38F200378604 /* Views */,
				B1A7A09A2ACB38E400378604 /* ViewModels */,
				B1A7A0992ACB38DD00378604 /* Models */,
				B1A7A0842ACB380200378604 /* AppDelegate.swift */,
				B1A7A0862ACB380200378604 /* SceneDelegate.swift */,
				B1A7A08D2ACB380300378604 /* Assets.xcassets */,
				B1A7A08F2ACB380300378604 /* LaunchScreen.storyboard */,
				B1A7A0922ACB380300378604 /* Info.plist */,
			);
			path = iMeal;
			sourceTree = "<group>";
		};
		B1A7A0992ACB38DD00378604 /* Models */ = {
			isa = PBXGroup;
			children = (
				B19EE2322ACC6A4000B42444 /* MealsCategory.swift */,
				B19EE2382ACD9F1600B42444 /* SeaMeals.swift */,
				B1F369352ACEA8C4000974CE /* Drinks.swift */,
				B158C48A2AD1B72600C97188 /* Recipe.swift */,
			);
			path = Models;
			sourceTree = "<group>";
		};
		B1A7A09A2ACB38E400378604 /* ViewModels */ = {
			isa = PBXGroup;
			children = (
				B1F369392ACEBFC2000974CE /* HomeViewModel.swift */,
				B1A0500B2AD569420025BF92 /* SearchViewModel.swift */,
			);
			path = ViewModels;
			sourceTree = "<group>";
		};
		B1A7A09B2ACB38F200378604 /* Views */ = {
			isa = PBXGroup;
			children = (
				B1F891452AD691F4007FD9AA /* CategoriesViews */,
				B1A050062AD54C820025BF92 /* Search */,
				B19EE2232ACB4F4300B42444 /* HomeTableView */,
			);
			path = Views;
			sourceTree = "<group>";
		};
		B1A7A09C2ACB38FC00378604 /* Controllers */ = {
			isa = PBXGroup;
			children = (
				B13948422AD716250035593D /* Details */,
				B158C48C2AD1C2EE00C97188 /* Recipe */,
				B1A7A09E2ACB391100378604 /* Main */,
				B1A7A09F2ACB394400378604 /* MainTabBarController.swift */,
			);
			path = Controllers;
			sourceTree = "<group>";
		};
		B1A7A09D2ACB390400378604 /* Utils */ = {
			isa = PBXGroup;
			children = (
				B19EE2282ACC5C8900B42444 /* Extensions.swift */,
			);
			path = Utils;
			sourceTree = "<group>";
		};
		B1A7A09E2ACB391100378604 /* Main */ = {
			isa = PBXGroup;
			children = (
				B19EE21F2ACB3A1700B42444 /* HomeViewController.swift */,
				B19EE2212ACB3A2400B42444 /* SearchViewController.swift */,
				B1F891432AD68E96007FD9AA /* CategoriesViewController.swift */,
			);
			path = Main;
			sourceTree = "<group>";
		};
		B1F891452AD691F4007FD9AA /* CategoriesViews */ = {
			isa = PBXGroup;
			children = (
				B1F891462AD6924E007FD9AA /* CategoriesHeaderView.swift */,
				B1F891482AD69523007FD9AA /* RandomMealCell.swift */,
				B1F8914A2AD6ECF9007FD9AA /* SectionHeader.swift */,
				B1F8914C2AD6EFBF007FD9AA /* CategoryCell.swift */,
			);
			path = CategoriesViews;
			sourceTree = "<group>";
		};
		DFC012176773376B001B25DE /* Pods */ = {
			isa = PBXGroup;
			children = (
				5635270B4CE66E572414B09A /* Pods-iMeal.debug.xcconfig */,
				452D1A1834321761ED1C9808 /* Pods-iMeal.release.xcconfig */,
			);
			path = Pods;
			sourceTree = "<group>";
		};
/* End PBXGroup section */

/* Begin PBXNativeTarget section */
		B1A7A0802ACB380200378604 /* iMeal */ = {
			isa = PBXNativeTarget;
			buildConfigurationList = B1A7A0952ACB380300378604 /* Build configuration list for PBXNativeTarget "iMeal" */;
			buildPhases = (
				693B9B0D5EB29BD0E003DD04 /* [CP] Check Pods Manifest.lock */,
				B1A7A07D2ACB380200378604 /* Sources */,
				B1A7A07E2ACB380200378604 /* Frameworks */,
				B1A7A07F2ACB380200378604 /* Resources */,
				E46CFB56DCA1F843A8882705 /* [CP] Embed Pods Frameworks */,
			);
			buildRules = (
			);
			dependencies = (
			);
			name = iMeal;
			packageProductDependencies = (
				B19EE22E2ACC69BF00B42444 /* SDWebImage */,
				B19EE2302ACC69BF00B42444 /* SDWebImageMapKit */,
			);
			productName = iMeal;
			productReference = B1A7A0812ACB380200378604 /* iMeal.app */;
			productType = "com.apple.product-type.application";
		};
/* End PBXNativeTarget section */

/* Begin PBXProject section */
		B1A7A0792ACB380200378604 /* Project object */ = {
			isa = PBXProject;
			attributes = {
				BuildIndependentTargetsInParallel = 1;
				LastSwiftUpdateCheck = 1500;
				LastUpgradeCheck = 1500;
				TargetAttributes = {
					B1A7A0802ACB380200378604 = {
						CreatedOnToolsVersion = 15.0;
					};
				};
			};
			buildConfigurationList = B1A7A07C2ACB380200378604 /* Build configuration list for PBXProject "iMeal" */;
			compatibilityVersion = "Xcode 14.0";
			developmentRegion = en;
			hasScannedForEncodings = 0;
			knownRegions = (
				en,
				Base,
			);
			mainGroup = B1A7A0782ACB380200378604;
			packageReferences = (
				B19EE22D2ACC69BF00B42444 /* XCRemoteSwiftPackageReference "SDWebImage" */,
			);
			productRefGroup = B1A7A0822ACB380200378604 /* Products */;
			projectDirPath = "";
			projectRoot = "";
			targets = (
				B1A7A0802ACB380200378604 /* iMeal */,
			);
		};
/* End PBXProject section */

/* Begin PBXResourcesBuildPhase section */
		B1A7A07F2ACB380200378604 /* Resources */ = {
			isa = PBXResourcesBuildPhase;
			buildActionMask = 2147483647;
			files = (
				B1A7A0912ACB380300378604 /* LaunchScreen.storyboard in Resources */,
				B1A7A08E2ACB380300378604 /* Assets.xcassets in Resources */,
			);
			runOnlyForDeploymentPostprocessing = 0;
		};
/* End PBXResourcesBuildPhase section */

/* Begin PBXShellScriptBuildPhase section */
		693B9B0D5EB29BD0E003DD04 /* [CP] Check Pods Manifest.lock */ = {
			isa = PBXShellScriptBuildPhase;
			buildActionMask = 2147483647;
			files = (
			);
			inputFileListPaths = (
			);
			inputPaths = (
				"${PODS_PODFILE_DIR_PATH}/Podfile.lock",
				"${PODS_ROOT}/Manifest.lock",
			);
			name = "[CP] Check Pods Manifest.lock";
			outputFileListPaths = (
			);
			outputPaths = (
				"$(DERIVED_FILE_DIR)/Pods-iMeal-checkManifestLockResult.txt",
			);
			runOnlyForDeploymentPostprocessing = 0;
			shellPath = /bin/sh;
			shellScript = "diff \"${PODS_PODFILE_DIR_PATH}/Podfile.lock\" \"${PODS_ROOT}/Manifest.lock\" > /dev/null\nif [ $? != 0 ] ; then\n    # print error to STDERR\n    echo \"error: The sandbox is not in sync with the Podfile.lock. Run 'pod install' or update your CocoaPods installation.\" >&2\n    exit 1\nfi\n# This output is used by Xcode 'outputs' to avoid re-running this script phase.\necho \"SUCCESS\" > \"${SCRIPT_OUTPUT_FILE_0}\"\n";
			showEnvVarsInLog = 0;
		};
		E46CFB56DCA1F843A8882705 /* [CP] Embed Pods Frameworks */ = {
			isa = PBXShellScriptBuildPhase;
			buildActionMask = 2147483647;
			files = (
			);
			inputFileListPaths = (
				"${PODS_ROOT}/Target Support Files/Pods-iMeal/Pods-iMeal-frameworks-${CONFIGURATION}-input-files.xcfilelist",
			);
			name = "[CP] Embed Pods Frameworks";
			outputFileListPaths = (
				"${PODS_ROOT}/Target Support Files/Pods-iMeal/Pods-iMeal-frameworks-${CONFIGURATION}-output-files.xcfilelist",
			);
			runOnlyForDeploymentPostprocessing = 0;
			shellPath = /bin/sh;
			shellScript = "\"${PODS_ROOT}/Target Support Files/Pods-iMeal/Pods-iMeal-frameworks.sh\"\n";
			showEnvVarsInLog = 0;
		};
/* End PBXShellScriptBuildPhase section */

/* Begin PBXSourcesBuildPhase section */
		B1A7A07D2ACB380200378604 /* Sources */ = {
			isa = PBXSourcesBuildPhase;
			buildActionMask = 2147483647;
			files = (
				B1A7A0852ACB380200378604 /* AppDelegate.swift in Sources */,
				B1A7A0A02ACB394400378604 /* MainTabBarController.swift in Sources */,
				B13948442AD7165C0035593D /* MealsByCategoryViewController.swift in Sources */,
				B1F891472AD6924E007FD9AA /* CategoriesHeaderView.swift in Sources */,
				B1A7A0872ACB380200378604 /* SceneDelegate.swift in Sources */,
				B1F8914B2AD6ECF9007FD9AA /* SectionHeader.swift in Sources */,
				B1F3693A2ACEBFC2000974CE /* HomeViewModel.swift in Sources */,
				B1F891492AD69523007FD9AA /* RandomMealCell.swift in Sources */,
				B158C48B2AD1B72600C97188 /* Recipe.swift in Sources */,
				B19EE2292ACC5C8900B42444 /* Extensions.swift in Sources */,
				B158C48E2AD1C30100C97188 /* RecipeViewController.swift in Sources */,
				B19EE2332ACC6A4000B42444 /* MealsCategory.swift in Sources */,
				B1F8914D2AD6EFBF007FD9AA /* CategoryCell.swift in Sources */,
				B19EE2352ACD7D3D00B42444 /* MainCollectionViewHeader.swift in Sources */,
				B1F369362ACEA8C4000974CE /* Drinks.swift in Sources */,
				B1F891442AD68E96007FD9AA /* CategoriesViewController.swift in Sources */,
				B1A050082AD54CB00025BF92 /* SearchResultsViewController.swift in Sources */,
				B19EE22C2ACC681500B42444 /* APICaller.swift in Sources */,
				B19EE2222ACB3A2400B42444 /* SearchViewController.swift in Sources */,
				B1A0500C2AD569420025BF92 /* SearchViewModel.swift in Sources */,
				B19EE2392ACD9F1600B42444 /* SeaMeals.swift in Sources */,
				B19EE2252ACB4F6E00B42444 /* CategoriesCollectionViewCell.swift in Sources */,
				B19EE2272ACB513B00B42444 /* MealCollectionViewCell.swift in Sources */,
				B1A0500A2AD55F4A0025BF92 /* ResultTableViewCell.swift in Sources */,
				B19EE2202ACB3A1700B42444 /* HomeViewController.swift in Sources */,
			);
			runOnlyForDeploymentPostprocessing = 0;
		};
/* End PBXSourcesBuildPhase section */

/* Begin PBXVariantGroup section */
		B1A7A08F2ACB380300378604 /* LaunchScreen.storyboard */ = {
			isa = PBXVariantGroup;
			children = (
				B1A7A0902ACB380300378604 /* Base */,
			);
			name = LaunchScreen.storyboard;
			sourceTree = "<group>";
		};
/* End PBXVariantGroup section */

/* Begin XCBuildConfiguration section */
		B1A7A0932ACB380300378604 /* Debug */ = {
			isa = XCBuildConfiguration;
			buildSettings = {
				ALWAYS_SEARCH_USER_PATHS = NO;
				ASSETCATALOG_COMPILER_GENERATE_SWIFT_ASSET_SYMBOL_EXTENSIONS = YES;
				CLANG_ANALYZER_NONNULL = YES;
				CLANG_ANALYZER_NUMBER_OBJECT_CONVERSION = YES_AGGRESSIVE;
				CLANG_CXX_LANGUAGE_STANDARD = "gnu++20";
				CLANG_ENABLE_MODULES = YES;
				CLANG_ENABLE_OBJC_ARC = YES;
				CLANG_ENABLE_OBJC_WEAK = YES;
				CLANG_WARN_BLOCK_CAPTURE_AUTORELEASING = YES;
				CLANG_WARN_BOOL_CONVERSION = YES;
				CLANG_WARN_COMMA = YES;
				CLANG_WARN_CONSTANT_CONVERSION = YES;
				CLANG_WARN_DEPRECATED_OBJC_IMPLEMENTATIONS = YES;
				CLANG_WARN_DIRECT_OBJC_ISA_USAGE = YES_ERROR;
				CLANG_WARN_DOCUMENTATION_COMMENTS = YES;
				CLANG_WARN_EMPTY_BODY = YES;
				CLANG_WARN_ENUM_CONVERSION = YES;
				CLANG_WARN_INFINITE_RECURSION = YES;
				CLANG_WARN_INT_CONVERSION = YES;
				CLANG_WARN_NON_LITERAL_NULL_CONVERSION = YES;
				CLANG_WARN_OBJC_IMPLICIT_RETAIN_SELF = YES;
				CLANG_WARN_OBJC_LITERAL_CONVERSION = YES;
				CLANG_WARN_OBJC_ROOT_CLASS = YES_ERROR;
				CLANG_WARN_QUOTED_INCLUDE_IN_FRAMEWORK_HEADER = YES;
				CLANG_WARN_RANGE_LOOP_ANALYSIS = YES;
				CLANG_WARN_STRICT_PROTOTYPES = YES;
				CLANG_WARN_SUSPICIOUS_MOVE = YES;
				CLANG_WARN_UNGUARDED_AVAILABILITY = YES_AGGRESSIVE;
				CLANG_WARN_UNREACHABLE_CODE = YES;
				CLANG_WARN__DUPLICATE_METHOD_MATCH = YES;
				COPY_PHASE_STRIP = NO;
				DEBUG_INFORMATION_FORMAT = dwarf;
				ENABLE_STRICT_OBJC_MSGSEND = YES;
				ENABLE_TESTABILITY = YES;
				ENABLE_USER_SCRIPT_SANDBOXING = NO;
				GCC_C_LANGUAGE_STANDARD = gnu17;
				GCC_DYNAMIC_NO_PIC = NO;
				GCC_NO_COMMON_BLOCKS = YES;
				GCC_OPTIMIZATION_LEVEL = 0;
				GCC_PREPROCESSOR_DEFINITIONS = (
					"DEBUG=1",
					"$(inherited)",
				);
				GCC_WARN_64_TO_32_BIT_CONVERSION = YES;
				GCC_WARN_ABOUT_RETURN_TYPE = YES_ERROR;
				GCC_WARN_UNDECLARED_SELECTOR = YES;
				GCC_WARN_UNINITIALIZED_AUTOS = YES_AGGRESSIVE;
				GCC_WARN_UNUSED_FUNCTION = YES;
				GCC_WARN_UNUSED_VARIABLE = YES;
				IPHONEOS_DEPLOYMENT_TARGET = 17.0;
				LOCALIZATION_PREFERS_STRING_CATALOGS = YES;
				MTL_ENABLE_DEBUG_INFO = INCLUDE_SOURCE;
				MTL_FAST_MATH = YES;
				ONLY_ACTIVE_ARCH = YES;
				SDKROOT = iphoneos;
				SWIFT_ACTIVE_COMPILATION_CONDITIONS = "DEBUG $(inherited)";
				SWIFT_OPTIMIZATION_LEVEL = "-Onone";
			};
			name = Debug;
		};
		B1A7A0942ACB380300378604 /* Release */ = {
			isa = XCBuildConfiguration;
			buildSettings = {
				ALWAYS_SEARCH_USER_PATHS = NO;
				ASSETCATALOG_COMPILER_GENERATE_SWIFT_ASSET_SYMBOL_EXTENSIONS = YES;
				CLANG_ANALYZER_NONNULL = YES;
				CLANG_ANALYZER_NUMBER_OBJECT_CONVERSION = YES_AGGRESSIVE;
				CLANG_CXX_LANGUAGE_STANDARD = "gnu++20";
				CLANG_ENABLE_MODULES = YES;
				CLANG_ENABLE_OBJC_ARC = YES;
				CLANG_ENABLE_OBJC_WEAK = YES;
				CLANG_WARN_BLOCK_CAPTURE_AUTORELEASING = YES;
				CLANG_WARN_BOOL_CONVERSION = YES;
				CLANG_WARN_COMMA = YES;
				CLANG_WARN_CONSTANT_CONVERSION = YES;
				CLANG_WARN_DEPRECATED_OBJC_IMPLEMENTATIONS = YES;
				CLANG_WARN_DIRECT_OBJC_ISA_USAGE = YES_ERROR;
				CLANG_WARN_DOCUMENTATION_COMMENTS = YES;
				CLANG_WARN_EMPTY_BODY = YES;
				CLANG_WARN_ENUM_CONVERSION = YES;
				CLANG_WARN_INFINITE_RECURSION = YES;
				CLANG_WARN_INT_CONVERSION = YES;
				CLANG_WARN_NON_LITERAL_NULL_CONVERSION = YES;
				CLANG_WARN_OBJC_IMPLICIT_RETAIN_SELF = YES;
				CLANG_WARN_OBJC_LITERAL_CONVERSION = YES;
				CLANG_WARN_OBJC_ROOT_CLASS = YES_ERROR;
				CLANG_WARN_QUOTED_INCLUDE_IN_FRAMEWORK_HEADER = YES;
				CLANG_WARN_RANGE_LOOP_ANALYSIS = YES;
				CLANG_WARN_STRICT_PROTOTYPES = YES;
				CLANG_WARN_SUSPICIOUS_MOVE = YES;
				CLANG_WARN_UNGUARDED_AVAILABILITY = YES_AGGRESSIVE;
				CLANG_WARN_UNREACHABLE_CODE = YES;
				CLANG_WARN__DUPLICATE_METHOD_MATCH = YES;
				COPY_PHASE_STRIP = NO;
				DEBUG_INFORMATION_FORMAT = "dwarf-with-dsym";
				ENABLE_NS_ASSERTIONS = NO;
				ENABLE_STRICT_OBJC_MSGSEND = YES;
				ENABLE_USER_SCRIPT_SANDBOXING = NO;
				GCC_C_LANGUAGE_STANDARD = gnu17;
				GCC_NO_COMMON_BLOCKS = YES;
				GCC_WARN_64_TO_32_BIT_CONVERSION = YES;
				GCC_WARN_ABOUT_RETURN_TYPE = YES_ERROR;
				GCC_WARN_UNDECLARED_SELECTOR = YES;
				GCC_WARN_UNINITIALIZED_AUTOS = YES_AGGRESSIVE;
				GCC_WARN_UNUSED_FUNCTION = YES;
				GCC_WARN_UNUSED_VARIABLE = YES;
				IPHONEOS_DEPLOYMENT_TARGET = 17.0;
				LOCALIZATION_PREFERS_STRING_CATALOGS = YES;
				MTL_ENABLE_DEBUG_INFO = NO;
				MTL_FAST_MATH = YES;
				SDKROOT = iphoneos;
				SWIFT_COMPILATION_MODE = wholemodule;
				VALIDATE_PRODUCT = YES;
			};
			name = Release;
		};
		B1A7A0962ACB380300378604 /* Debug */ = {
			isa = XCBuildConfiguration;
			baseConfigurationReference = 5635270B4CE66E572414B09A /* Pods-iMeal.debug.xcconfig */;
			buildSettings = {
				ASSETCATALOG_COMPILER_APPICON_NAME = AppIcon;
				ASSETCATALOG_COMPILER_GLOBAL_ACCENT_COLOR_NAME = AccentColor;
				CODE_SIGN_STYLE = Automatic;
				CURRENT_PROJECT_VERSION = 1;
				DEVELOPMENT_TEAM = BFQP455K6Q;
				GENERATE_INFOPLIST_FILE = YES;
				INFOPLIST_FILE = iMeal/Info.plist;
				INFOPLIST_KEY_UIApplicationSupportsIndirectInputEvents = YES;
				INFOPLIST_KEY_UILaunchStoryboardName = LaunchScreen;
				INFOPLIST_KEY_UISupportedInterfaceOrientations = UIInterfaceOrientationPortrait;
				IPHONEOS_DEPLOYMENT_TARGET = 15.0;
				LD_RUNPATH_SEARCH_PATHS = (
					"$(inherited)",
					"@executable_path/Frameworks",
				);
				MARKETING_VERSION = 1.0;
				PRODUCT_BUNDLE_IDENTIFIER = iMeal.iMeal;
				PRODUCT_NAME = "$(TARGET_NAME)";
				SWIFT_EMIT_LOC_STRINGS = YES;
				SWIFT_VERSION = 5.0;
				TARGETED_DEVICE_FAMILY = "1,2";
			};
			name = Debug;
		};
		B1A7A0972ACB380300378604 /* Release */ = {
			isa = XCBuildConfiguration;
			baseConfigurationReference = 452D1A1834321761ED1C9808 /* Pods-iMeal.release.xcconfig */;
			buildSettings = {
				ASSETCATALOG_COMPILER_APPICON_NAME = AppIcon;
				ASSETCATALOG_COMPILER_GLOBAL_ACCENT_COLOR_NAME = AccentColor;
				CODE_SIGN_STYLE = Automatic;
				CURRENT_PROJECT_VERSION = 1;
				DEVELOPMENT_TEAM = BFQP455K6Q;
				GENERATE_INFOPLIST_FILE = YES;
				INFOPLIST_FILE = iMeal/Info.plist;
				INFOPLIST_KEY_UIApplicationSupportsIndirectInputEvents = YES;
				INFOPLIST_KEY_UILaunchStoryboardName = LaunchScreen;
				INFOPLIST_KEY_UISupportedInterfaceOrientations = UIInterfaceOrientationPortrait;
				IPHONEOS_DEPLOYMENT_TARGET = 15.0;
				LD_RUNPATH_SEARCH_PATHS = (
					"$(inherited)",
					"@executable_path/Frameworks",
				);
				MARKETING_VERSION = 1.0;
				PRODUCT_BUNDLE_IDENTIFIER = iMeal.iMeal;
				PRODUCT_NAME = "$(TARGET_NAME)";
				SWIFT_EMIT_LOC_STRINGS = YES;
				SWIFT_VERSION = 5.0;
				TARGETED_DEVICE_FAMILY = "1,2";
			};
			name = Release;
		};
/* End XCBuildConfiguration section */

/* Begin XCConfigurationList section */
		B1A7A07C2ACB380200378604 /* Build configuration list for PBXProject "iMeal" */ = {
			isa = XCConfigurationList;
			buildConfigurations = (
				B1A7A0932ACB380300378604 /* Debug */,
				B1A7A0942ACB380300378604 /* Release */,
			);
			defaultConfigurationIsVisible = 0;
			defaultConfigurationName = Release;
		};
		B1A7A0952ACB380300378604 /* Build configuration list for PBXNativeTarget "iMeal" */ = {
			isa = XCConfigurationList;
			buildConfigurations = (
				B1A7A0962ACB380300378604 /* Debug */,
				B1A7A0972ACB380300378604 /* Release */,
			);
			defaultConfigurationIsVisible = 0;
			defaultConfigurationName = Release;
		};
/* End XCConfigurationList section */

/* Begin XCRemoteSwiftPackageReference section */
		B19EE22D2ACC69BF00B42444 /* XCRemoteSwiftPackageReference "SDWebImage" */ = {
			isa = XCRemoteSwiftPackageReference;
			repositoryURL = "https://github.com/SDWebImage/SDWebImage.git";
			requirement = {
				kind = upToNextMajorVersion;
				minimumVersion = 5.18.2;
			};
		};
/* End XCRemoteSwiftPackageReference section */

/* Begin XCSwiftPackageProductDependency section */
		B19EE22E2ACC69BF00B42444 /* SDWebImage */ = {
			isa = XCSwiftPackageProductDependency;
			package = B19EE22D2ACC69BF00B42444 /* XCRemoteSwiftPackageReference "SDWebImage" */;
			productName = SDWebImage;
		};
		B19EE2302ACC69BF00B42444 /* SDWebImageMapKit */ = {
			isa = XCSwiftPackageProductDependency;
			package = B19EE22D2ACC69BF00B42444 /* XCRemoteSwiftPackageReference "SDWebImage" */;
			productName = SDWebImageMapKit;
		};
/* End XCSwiftPackageProductDependency section */
	};
	rootObject = B1A7A0792ACB380200378604 /* Project object */;
}
